
Microsoft Visual Studio Solution File, Format Version 12.00
# Visual Studio Version 17
VisualStudioVersion = 17.0.31903.59
MinimumVisualStudioVersion = 10.0.40219.1
Project("{FAE04EC0-301F-11D3-BF4B-00C04F79EFBC}") = "Dominio", "Dominio\Dominio.csproj", "{A7656676-C926-4DC8-A6D9-1989479F6BAA}"
EndProject
Project("{FAE04EC0-301F-11D3-BF4B-00C04F79EFBC}") = "Persistencia", "Persistencia\Persistencia.csproj", "{80CEA4D3-3254-4D27-A247-591C3A736312}"
EndProject
Project("{FAE04EC0-301F-11D3-BF4B-00C04F79EFBC}") = "ApiJWT", "ApiJWT\ApiJWT.csproj", "{C046C9D0-0AB2-4F62-812C-6CA6B333C32A}"
EndProject
Global
	GlobalSection(SolutionConfigurationPlatforms) = preSolution
		Debug|Any CPU = Debug|Any CPU
		Release|Any CPU = Release|Any CPU
	EndGlobalSection
	GlobalSection(SolutionProperties) = preSolution
		HideSolutionNode = FALSE
	EndGlobalSection
	GlobalSection(ProjectConfigurationPlatforms) = postSolution
		{A7656676-C926-4DC8-A6D9-1989479F6BAA}.Debug|Any CPU.ActiveCfg = Debug|Any CPU
		{A7656676-C926-4DC8-A6D9-1989479F6BAA}.Debug|Any CPU.Build.0 = Debug|Any CPU
		{A7656676-C926-4DC8-A6D9-1989479F6BAA}.Release|Any CPU.ActiveCfg = Release|Any CPU
		{A7656676-C926-4DC8-A6D9-1989479F6BAA}.Release|Any CPU.Build.0 = Release|Any CPU
		{80CEA4D3-3254-4D27-A247-591C3A736312}.Debug|Any CPU.ActiveCfg = Debug|Any CPU
		{80CEA4D3-3254-4D27-A247-591C3A736312}.Debug|Any CPU.Build.0 = Debug|Any CPU
		{80CEA4D3-3254-4D27-A247-591C3A736312}.Release|Any CPU.ActiveCfg = Release|Any CPU
		{80CEA4D3-3254-4D27-A247-591C3A736312}.Release|Any CPU.Build.0 = Release|Any CPU
		{C046C9D0-0AB2-4F62-812C-6CA6B333C32A}.Debug|Any CPU.ActiveCfg = Debug|Any CPU
		{C046C9D0-0AB2-4F62-812C-6CA6B333C32A}.Debug|Any CPU.Build.0 = Debug|Any CPU
		{C046C9D0-0AB2-4F62-812C-6CA6B333C32A}.Release|Any CPU.ActiveCfg = Release|Any CPU
		{C046C9D0-0AB2-4F62-812C-6CA6B333C32A}.Release|Any CPU.Build.0 = Release|Any CPU
	EndGlobalSection
EndGlobal
